PODS:
  - CocoaLumberjack (1.9.2):
    - CocoaLumberjack/Extensions (= 1.9.2)
  - CocoaLumberjack/Core (1.9.2)
  - CocoaLumberjack/Extensions (1.9.2):
    - CocoaLumberjack/Core
  - GGMetadata (0.1)
  - StringScore (0.1)

DEPENDENCIES:
  - CocoaLumberjack (~> 1.9)
  - GGMetadata (from `https://github.com/glyphish/metadata.git`)
  - StringScore (from `https://github.com/glyphish/StringScore.git`)

EXTERNAL SOURCES:
  GGMetadata:
    :git: https://github.com/glyphish/metadata.git
  StringScore:
    :git: https://github.com/glyphish/StringScore.git

SPEC CHECKSUMS:
  CocoaLumberjack: 205769c032b5fef85b92472046bcc8b7e7c8a817
  GGMetadata: 184b39b31a7da5dd69fb6bc4d6567387f9c76fce
  StringScore: ec947ab07ee051639958777184fc1206db5e5d5a

COCOAPODS: 0.35.0.rc2
