// !$*UTF8*$!
{
	archiveVersion = 1;
	classes = {
	};
	objectVersion = 46;
	objects = {

/* Begin PBXBuildFile section */
		D35B418E18D5D52300B5A3AB /* Cocoa.framework in Frameworks */ = {isa = PBXBuildFile; fileRef = D35B418D18D5D52300B5A3AB /* Cocoa.framework */; };
		D35B419818D5D52300B5A3AB /* InfoPlist.strings in Resources */ = {isa = PBXBuildFile; fileRef = D35B419618D5D52300B5A3AB /* InfoPlist.strings */; };
		D35B419A18D5D52300B5A3AB /* main.m in Sources */ = {isa = PBXBuildFile; fileRef = D35B419918D5D52300B5A3AB /* main.m */; };
		D35B419E18D5D52300B5A3AB /* Credits.rtf in Resources */ = {isa = PBXBuildFile; fileRef = D35B419C18D5D52300B5A3AB /* Credits.rtf */; };
		D35B41A118D5D52300B5A3AB /* BFAppDelegate.m in Sources */ = {isa = PBXBuildFile; fileRef = D35B41A018D5D52300B5A3AB /* BFAppDelegate.m */; };
		D35B41A418D5D52300B5A3AB /* MainMenu.xib in Resources */ = {isa = PBXBuildFile; fileRef = D35B41A218D5D52300B5A3AB /* MainMenu.xib */; };
		D35B41A618D5D52300B5A3AB /* Images.xcassets in Resources */ = {isa = PBXBuildFile; fileRef = D35B41A518D5D52300B5A3AB /* Images.xcassets */; };
		D35B41AD18D5D52300B5A3AB /* XCTest.framework in Frameworks */ = {isa = PBXBuildFile; fileRef = D35B41AC18D5D52300B5A3AB /* XCTest.framework */; };
		D35B41AE18D5D52300B5A3AB /* Cocoa.framework in Frameworks */ = {isa = PBXBuildFile; fileRef = D35B418D18D5D52300B5A3AB /* Cocoa.framework */; };
		D35B41B618D5D52300B5A3AB /* InfoPlist.strings in Resources */ = {isa = PBXBuildFile; fileRef = D35B41B418D5D52300B5A3AB /* InfoPlist.strings */; };
		D35B41B818D5D52300B5A3AB /* Icon_GalleryTests.m in Sources */ = {isa = PBXBuildFile; fileRef = D35B41B718D5D52300B5A3AB /* Icon_GalleryTests.m */; };
/* End PBXBuildFile section */

/* Begin PBXContainerItemProxy section */
		D35B41AF18D5D52300B5A3AB /* PBXContainerItemProxy */ = {
			isa = PBXContainerItemProxy;
			containerPortal = D35B418218D5D52300B5A3AB /* Project object */;
			proxyType = 1;
			remoteGlobalIDString = D35B418918D5D52300B5A3AB;
			remoteInfo = "Icon Gallery";
		};
/* End PBXContainerItemProxy section */

/* Begin PBXFileReference section */
		D35B418A18D5D52300B5A3AB /* Icon Gallery.app */ = {isa = PBXFileReference; explicitFileType = wrapper.application; includeInIndex = 0; path = "Icon Gallery.app"; sourceTree = BUILT_PRODUCTS_DIR; };
		D35B418D18D5D52300B5A3AB /* Cocoa.framework */ = {isa = PBXFileReference; lastKnownFileType = wrapper.framework; name = Cocoa.framework; path = System/Library/Frameworks/Cocoa.framework; sourceTree = SDKROOT; };
		D35B419018D5D52300B5A3AB /* AppKit.framework */ = {isa = PBXFileReference; lastKnownFileType = wrapper.framework; name = AppKit.framework; path = System/Library/Frameworks/AppKit.framework; sourceTree = SDKROOT; };
		D35B419118D5D52300B5A3AB /* CoreData.framework */ = {isa = PBXFileReference; lastKnownFileType = wrapper.framework; name = CoreData.framework; path = System/Library/Frameworks/CoreData.framework; sourceTree = SDKROOT; };
		D35B419218D5D52300B5A3AB /* Foundation.framework */ = {isa = PBXFileReference; lastKnownFileType = wrapper.framework; name = Foundation.framework; path = System/Library/Frameworks/Foundation.framework; sourceTree = SDKROOT; };
		D35B419518D5D52300B5A3AB /* Icon Gallery-Info.plist */ = {isa = PBXFileReference; lastKnownFileType = text.plist.xml; path = "Icon Gallery-Info.plist"; sourceTree = "<group>"; };
		D35B419718D5D52300B5A3AB /* en */ = {isa = PBXFileReference; lastKnownFileType = text.plist.strings; name = en; path = en.lproj/InfoPlist.strings; sourceTree = "<group>"; };
		D35B419918D5D52300B5A3AB /* main.m */ = {isa = PBXFileReference; lastKnownFileType = sourcecode.c.objc; path = main.m; sourceTree = "<group>"; };
		D35B419B18D5D52300B5A3AB /* Icon Gallery-Prefix.pch */ = {isa = PBXFileReference; lastKnownFileType = sourcecode.c.h; path = "Icon Gallery-Prefix.pch"; sourceTree = "<group>"; };
		D35B419D18D5D52300B5A3AB /* en */ = {isa = PBXFileReference; lastKnownFileType = text.rtf; name = en; path = en.lproj/Credits.rtf; sourceTree = "<group>"; };
		D35B419F18D5D52300B5A3AB /* BFAppDelegate.h */ = {isa = PBXFileReference; lastKnownFileType = sourcecode.c.h; path = BFAppDelegate.h; sourceTree = "<group>"; };
		D35B41A018D5D52300B5A3AB /* BFAppDelegate.m */ = {isa = PBXFileReference; lastKnownFileType = sourcecode.c.objc; path = BFAppDelegate.m; sourceTree = "<group>"; };
		D35B41A318D5D52300B5A3AB /* Base */ = {isa = PBXFileReference; lastKnownFileType = file.xib; name = Base; path = Base.lproj/MainMenu.xib; sourceTree = "<group>"; };
		D35B41A518D5D52300B5A3AB /* Images.xcassets */ = {isa = PBXFileReference; lastKnownFileType = folder.assetcatalog; path = Images.xcassets; sourceTree = "<group>"; };
		D35B41AB18D5D52300B5A3AB /* Icon GalleryTests.xctest */ = {isa = PBXFileReference; explicitFileType = wrapper.cfbundle; includeInIndex = 0; path = "Icon GalleryTests.xctest"; sourceTree = BUILT_PRODUCTS_DIR; };
		D35B41AC18D5D52300B5A3AB /* XCTest.framework */ = {isa = PBXFileReference; lastKnownFileType = wrapper.framework; name = XCTest.framework; path = Library/Frameworks/XCTest.framework; sourceTree = DEVELOPER_DIR; };
		D35B41B318D5D52300B5A3AB /* Icon GalleryTests-Info.plist */ = {isa = PBXFileReference; lastKnownFileType = text.plist.xml; path = "Icon GalleryTests-Info.plist"; sourceTree = "<group>"; };
		D35B41B518D5D52300B5A3AB /* en */ = {isa = PBXFileReference; lastKnownFileType = text.plist.strings; name = en; path = en.lproj/InfoPlist.strings; sourceTree = "<group>"; };
		D35B41B718D5D52300B5A3AB /* Icon_GalleryTests.m */ = {isa = PBXFileReference; lastKnownFileType = sourcecode.c.objc; path = Icon_GalleryTests.m; sourceTree = "<group>"; };
/* End PBXFileReference section */

/* Begin PBXFrameworksBuildPhase section */
		D35B418718D5D52300B5A3AB /* Frameworks */ = {
			isa = PBXFrameworksBuildPhase;
			buildActionMask = 2147483647;
			files = (
				D35B418E18D5D52300B5A3AB /* Cocoa.framework in Frameworks */,
			);
			runOnlyForDeploymentPostprocessing = 0;
		};
		D35B41A818D5D52300B5A3AB /* Frameworks */ = {
			isa = PBXFrameworksBuildPhase;
			buildActionMask = 2147483647;
			files = (
				D35B41AE18D5D52300B5A3AB /* Cocoa.framework in Frameworks */,
				D35B41AD18D5D52300B5A3AB /* XCTest.framework in Frameworks */,
			);
			runOnlyForDeploymentPostprocessing = 0;
		};
/* End PBXFrameworksBuildPhase section */

/* Begin PBXGroup section */
		D35B418118D5D52300B5A3AB = {
			isa = PBXGroup;
			children = (
				D35B419318D5D52300B5A3AB /* Icon Gallery */,
				D35B41B118D5D52300B5A3AB /* Icon GalleryTests */,
				D35B418C18D5D52300B5A3AB /* Frameworks */,
				D35B418B18D5D52300B5A3AB /* Products */,
			);
			sourceTree = "<group>";
		};
		D35B418B18D5D52300B5A3AB /* Products */ = {
			isa = PBXGroup;
			children = (
				D35B418A18D5D52300B5A3AB /* Icon Gallery.app */,
				D35B41AB18D5D52300B5A3AB /* Icon GalleryTests.xctest */,
			);
			name = Products;
			sourceTree = "<group>";
		};
		D35B418C18D5D52300B5A3AB /* Frameworks */ = {
			isa = PBXGroup;
			children = (
				D35B418D18D5D52300B5A3AB /* Cocoa.framework */,
				D35B41AC18D5D52300B5A3AB /* XCTest.framework */,
				D35B418F18D5D52300B5A3AB /* Other Frameworks */,
			);
			name = Frameworks;
			sourceTree = "<group>";
		};
		D35B418F18D5D52300B5A3AB /* Other Frameworks */ = {
			isa = PBXGroup;
			children = (
				D35B419018D5D52300B5A3AB /* AppKit.framework */,
				D35B419118D5D52300B5A3AB /* CoreData.framework */,
				D35B419218D5D52300B5A3AB /* Foundation.framework */,
			);
			name = "Other Frameworks";
			sourceTree = "<group>";
		};
		D35B419318D5D52300B5A3AB /* Icon Gallery */ = {
			isa = PBXGroup;
			children = (
				D35B419F18D5D52300B5A3AB /* BFAppDelegate.h */,
				D35B41A018D5D52300B5A3AB /* BFAppDelegate.m */,
				D35B41A218D5D52300B5A3AB /* MainMenu.xib */,
				D35B41A518D5D52300B5A3AB /* Images.xcassets */,
				D35B419418D5D52300B5A3AB /* Supporting Files */,
			);
			path = "Icon Gallery";
			sourceTree = "<group>";
		};
		D35B419418D5D52300B5A3AB /* Supporting Files */ = {
			isa = PBXGroup;
			children = (
				D35B419518D5D52300B5A3AB /* Icon Gallery-Info.plist */,
				D35B419618D5D52300B5A3AB /* InfoPlist.strings */,
				D35B419918D5D52300B5A3AB /* main.m */,
				D35B419B18D5D52300B5A3AB /* Icon Gallery-Prefix.pch */,
				D35B419C18D5D52300B5A3AB /* Credits.rtf */,
			);
			name = "Supporting Files";
			sourceTree = "<group>";
		};
		D35B41B118D5D52300B5A3AB /* Icon GalleryTests */ = {
			isa = PBXGroup;
			children = (
				D35B41B718D5D52300B5A3AB /* Icon_GalleryTests.m */,
				D35B41B218D5D52300B5A3AB /* Supporting Files */,
			);
			path = "Icon GalleryTests";
			sourceTree = "<group>";
		};
		D35B41B218D5D52300B5A3AB /* Supporting Files */ = {
			isa = PBXGroup;
			children = (
				D35B41B318D5D52300B5A3AB /* Icon GalleryTests-Info.plist */,
				D35B41B418D5D52300B5A3AB /* InfoPlist.strings */,
			);
			name = "Supporting Files";
			sourceTree = "<group>";
		};
/* End PBXGroup section */

/* Begin PBXNativeTarget section */
		D35B418918D5D52300B5A3AB /* Icon Gallery */ = {
			isa = PBXNativeTarget;
			buildConfigurationList = D35B41BB18D5D52300B5A3AB /* Build configuration list for PBXNativeTarget "Icon Gallery" */;
			buildPhases = (
				D35B418618D5D52300B5A3AB /* Sources */,
				D35B418718D5D52300B5A3AB /* Frameworks */,
				D35B418818D5D52300B5A3AB /* Resources */,
			);
			buildRules = (
			);
			dependencies = (
			);
			name = "Icon Gallery";
			productName = "Icon Gallery";
			productReference = D35B418A18D5D52300B5A3AB /* Icon Gallery.app */;
			productType = "com.apple.product-type.application";
		};
		D35B41AA18D5D52300B5A3AB /* Icon GalleryTests */ = {
			isa = PBXNativeTarget;
			buildConfigurationList = D35B41BE18D5D52300B5A3AB /* Build configuration list for PBXNativeTarget "Icon GalleryTests" */;
			buildPhases = (
				D35B41A718D5D52300B5A3AB /* Sources */,
				D35B41A818D5D52300B5A3AB /* Frameworks */,
				D35B41A918D5D52300B5A3AB /* Resources */,
			);
			buildRules = (
			);
			dependencies = (
				D35B41B018D5D52300B5A3AB /* PBXTargetDependency */,
			);
			name = "Icon GalleryTests";
			productName = "Icon GalleryTests";
			productReference = D35B41AB18D5D52300B5A3AB /* Icon GalleryTests.xctest */;
			productType = "com.apple.product-type.bundle.unit-test";
		};
/* End PBXNativeTarget section */

/* Begin PBXProject section */
		D35B418218D5D52300B5A3AB /* Project object */ = {
			isa = PBXProject;
			attributes = {
				CLASSPREFIX = BF;
				LastUpgradeCheck = 0510;
				ORGANIZATIONNAME = "Bitfield AB";
				TargetAttributes = {
					D35B41AA18D5D52300B5A3AB = {
						TestTargetID = D35B418918D5D52300B5A3AB;
					};
				};
			};
			buildConfigurationList = D35B418518D5D52300B5A3AB /* Build configuration list for PBXProject "Icon Gallery" */;
			compatibilityVersion = "Xcode 3.2";
			developmentRegion = English;
			hasScannedForEncodings = 0;
			knownRegions = (
				en,
				Base,
			);
			mainGroup = D35B418118D5D52300B5A3AB;
			productRefGroup = D35B418B18D5D52300B5A3AB /* Products */;
			projectDirPath = "";
			projectRoot = "";
			targets = (
				D35B418918D5D52300B5A3AB /* Icon Gallery */,
				D35B41AA18D5D52300B5A3AB /* Icon GalleryTests */,
			);
		};
/* End PBXProject section */

/* Begin PBXResourcesBuildPhase section */
		D35B418818D5D52300B5A3AB /* Resources */ = {
			isa = PBXResourcesBuildPhase;
			buildActionMask = 2147483647;
			files = (
				D35B419818D5D52300B5A3AB /* InfoPlist.strings in Resources */,
				D35B41A618D5D52300B5A3AB /* Images.xcassets in Resources */,
				D35B419E18D5D52300B5A3AB /* Credits.rtf in Resources */,
				D35B41A418D5D52300B5A3AB /* MainMenu.xib in Resources */,
			);
			runOnlyForDeploymentPostprocessing = 0;
		};
		D35B41A918D5D52300B5A3AB /* Resources */ = {
			isa = PBXResourcesBuildPhase;
			buildActionMask = 2147483647;
			files = (
				D35B41B618D5D52300B5A3AB /* InfoPlist.strings in Resources */,
			);
			runOnlyForDeploymentPostprocessing = 0;
		};
/* End PBXResourcesBuildPhase section */

/* Begin PBXSourcesBuildPhase section */
		D35B418618D5D52300B5A3AB /* Sources */ = {
			isa = PBXSourcesBuildPhase;
			buildActionMask = 2147483647;
			files = (
				D35B41A118D5D52300B5A3AB /* BFAppDelegate.m in Sources */,
				D35B419A18D5D52300B5A3AB /* main.m in Sources */,
			);
			runOnlyForDeploymentPostprocessing = 0;
		};
		D35B41A718D5D52300B5A3AB /* Sources */ = {
			isa = PBXSourcesBuildPhase;
			buildActionMask = 2147483647;
			files = (
				D35B41B818D5D52300B5A3AB /* Icon_GalleryTests.m in Sources */,
			);
			runOnlyForDeploymentPostprocessing = 0;
		};
/* End PBXSourcesBuildPhase section */

/* Begin PBXTargetDependency section */
		D35B41B018D5D52300B5A3AB /* PBXTargetDependency */ = {
			isa = PBXTargetDependency;
			target = D35B418918D5D52300B5A3AB /* Icon Gallery */;
			targetProxy = D35B41AF18D5D52300B5A3AB /* PBXContainerItemProxy */;
		};
/* End PBXTargetDependency section */

/* Begin PBXVariantGroup section */
		D35B419618D5D52300B5A3AB /* InfoPlist.strings */ = {
			isa = PBXVariantGroup;
			children = (
				D35B419718D5D52300B5A3AB /* en */,
			);
			name = InfoPlist.strings;
			sourceTree = "<group>";
		};
		D35B419C18D5D52300B5A3AB /* Credits.rtf */ = {
			isa = PBXVariantGroup;
			children = (
				D35B419D18D5D52300B5A3AB /* en */,
			);
			name = Credits.rtf;
			sourceTree = "<group>";
		};
		D35B41A218D5D52300B5A3AB /* MainMenu.xib */ = {
			isa = PBXVariantGroup;
			children = (
				D35B41A318D5D52300B5A3AB /* Base */,
			);
			name = MainMenu.xib;
			sourceTree = "<group>";
		};
		D35B41B418D5D52300B5A3AB /* InfoPlist.strings */ = {
			isa = PBXVariantGroup;
			children = (
				D35B41B518D5D52300B5A3AB /* en */,
			);
			name = InfoPlist.strings;
			sourceTree = "<group>";
		};
/* End PBXVariantGroup section */

/* Begin XCBuildConfiguration section */
		D35B41B918D5D52300B5A3AB /* Debug */ = {
			isa = XCBuildConfiguration;
			buildSettings = {
				ALWAYS_SEARCH_USER_PATHS = NO;
				CLANG_CXX_LANGUAGE_STANDARD = "gnu++0x";
				CLANG_CXX_LIBRARY = "libc++";
				CLANG_ENABLE_MODULES = YES;
				CLANG_ENABLE_OBJC_ARC = YES;
				CLANG_WARN_BOOL_CONVERSION = YES;
				CLANG_WARN_CONSTANT_CONVERSION = YES;
				CLANG_WARN_DIRECT_OBJC_ISA_USAGE = YES_ERROR;
				CLANG_WARN_EMPTY_BODY = YES;
				CLANG_WARN_ENUM_CONVERSION = YES;
				CLANG_WARN_INT_CONVERSION = YES;
				CLANG_WARN_OBJC_ROOT_CLASS = YES_ERROR;
				CLANG_WARN__DUPLICATE_METHOD_MATCH = YES;
				COPY_PHASE_STRIP = NO;
				GCC_C_LANGUAGE_STANDARD = gnu99;
				GCC_DYNAMIC_NO_PIC = NO;
				GCC_ENABLE_OBJC_EXCEPTIONS = YES;
				GCC_OPTIMIZATION_LEVEL = 0;
				GCC_PREPROCESSOR_DEFINITIONS = (
					"DEBUG=1",
					"$(inherited)",
				);
				GCC_SYMBOLS_PRIVATE_EXTERN = NO;
				GCC_WARN_64_TO_32_BIT_CONVERSION = YES;
				GCC_WARN_ABOUT_RETURN_TYPE = YES_ERROR;
				GCC_WARN_UNDECLARED_SELECTOR = YES;
				GCC_WARN_UNINITIALIZED_AUTOS = YES_AGGRESSIVE;
				GCC_WARN_UNUSED_FUNCTION = YES;
				GCC_WARN_UNUSED_VARIABLE = YES;
				MACOSX_DEPLOYMENT_TARGET = 10.9;
				ONLY_ACTIVE_ARCH = YES;
				SDKROOT = macosx;
			};
			name = Debug;
		};
		D35B41BA18D5D52300B5A3AB /* Release */ = {
			isa = XCBuildConfiguration;
			buildSettings = {
				ALWAYS_SEARCH_USER_PATHS = NO;
				CLANG_CXX_LANGUAGE_STANDARD = "gnu++0x";
				CLANG_CXX_LIBRARY = "libc++";
				CLANG_ENABLE_MODULES = YES;
				CLANG_ENABLE_OBJC_ARC = YES;
				CLANG_WARN_BOOL_CONVERSION = YES;
				CLANG_WARN_CONSTANT_CONVERSION = YES;
				CLANG_WARN_DIRECT_OBJC_ISA_USAGE = YES_ERROR;
				CLANG_WARN_EMPTY_BODY = YES;
				CLANG_WARN_ENUM_CONVERSION = YES;
				CLANG_WARN_INT_CONVERSION = YES;
				CLANG_WARN_OBJC_ROOT_CLASS = YES_ERROR;
				CLANG_WARN__DUPLICATE_METHOD_MATCH = YES;
				COPY_PHASE_STRIP = YES;
				DEBUG_INFORMATION_FORMAT = "dwarf-with-dsym";
				ENABLE_NS_ASSERTIONS = NO;
				GCC_C_LANGUAGE_STANDARD = gnu99;
				GCC_ENABLE_OBJC_EXCEPTIONS = YES;
				GCC_WARN_64_TO_32_BIT_CONVERSION = YES;
				GCC_WARN_ABOUT_RETURN_TYPE = YES_ERROR;
				GCC_WARN_UNDECLARED_SELECTOR = YES;
				GCC_WARN_UNINITIALIZED_AUTOS = YES_AGGRESSIVE;
				GCC_WARN_UNUSED_FUNCTION = YES;
				GCC_WARN_UNUSED_VARIABLE = YES;
				MACOSX_DEPLOYMENT_TARGET = 10.9;
				SDKROOT = macosx;
			};
			name = Release;
		};
		D35B41BC18D5D52300B5A3AB /* Debug */ = {
			isa = XCBuildConfiguration;
			buildSettings = {
				ASSETCATALOG_COMPILER_APPICON_NAME = AppIcon;
				COMBINE_HIDPI_IMAGES = YES;
				GCC_PRECOMPILE_PREFIX_HEADER = YES;
				GCC_PREFIX_HEADER = "Icon Gallery/Icon Gallery-Prefix.pch";
				INFOPLIST_FILE = "Icon Gallery/Icon Gallery-Info.plist";
				PRODUCT_NAME = "$(TARGET_NAME)";
				WRAPPER_EXTENSION = app;
			};
			name = Debug;
		};
		D35B41BD18D5D52300B5A3AB /* Release */ = {
			isa = XCBuildConfiguration;
			buildSettings = {
				ASSETCATALOG_COMPILER_APPICON_NAME = AppIcon;
				COMBINE_HIDPI_IMAGES = YES;
				GCC_PRECOMPILE_PREFIX_HEADER = YES;
				GCC_PREFIX_HEADER = "Icon Gallery/Icon Gallery-Prefix.pch";
				INFOPLIST_FILE = "Icon Gallery/Icon Gallery-Info.plist";
				PRODUCT_NAME = "$(TARGET_NAME)";
				WRAPPER_EXTENSION = app;
			};
			name = Release;
		};
		D35B41BF18D5D52300B5A3AB /* Debug */ = {
			isa = XCBuildConfiguration;
			buildSettings = {
				BUNDLE_LOADER = "$(BUILT_PRODUCTS_DIR)/Icon Gallery.app/Contents/MacOS/Icon Gallery";
				COMBINE_HIDPI_IMAGES = YES;
				FRAMEWORK_SEARCH_PATHS = (
					"$(DEVELOPER_FRAMEWORKS_DIR)",
					"$(inherited)",
				);
				GCC_PRECOMPILE_PREFIX_HEADER = YES;
				GCC_PREFIX_HEADER = "Icon Gallery/Icon Gallery-Prefix.pch";
				GCC_PREPROCESSOR_DEFINITIONS = (
					"DEBUG=1",
					"$(inherited)",
				);
				INFOPLIST_FILE = "Icon GalleryTests/Icon GalleryTests-Info.plist";
				PRODUCT_NAME = "$(TARGET_NAME)";
				TEST_HOST = "$(BUNDLE_LOADER)";
				WRAPPER_EXTENSION = xctest;
			};
			name = Debug;
		};
		D35B41C018D5D52300B5A3AB /* Release */ = {
			isa = XCBuildConfiguration;
			buildSettings = {
				BUNDLE_LOADER = "$(BUILT_PRODUCTS_DIR)/Icon Gallery.app/Contents/MacOS/Icon Gallery";
				COMBINE_HIDPI_IMAGES = YES;
				FRAMEWORK_SEARCH_PATHS = (
					"$(DEVELOPER_FRAMEWORKS_DIR)",
					"$(inherited)",
				);
				GCC_PRECOMPILE_PREFIX_HEADER = YES;
				GCC_PREFIX_HEADER = "Icon Gallery/Icon Gallery-Prefix.pch";
				INFOPLIST_FILE = "Icon GalleryTests/Icon GalleryTests-Info.plist";
				PRODUCT_NAME = "$(TARGET_NAME)";
				TEST_HOST = "$(BUNDLE_LOADER)";
				WRAPPER_EXTENSION = xctest;
			};
			name = Release;
		};
/* End XCBuildConfiguration section */

/* Begin XCConfigurationList section */
		D35B418518D5D52300B5A3AB /* Build configuration list for PBXProject "Icon Gallery" */ = {
			isa = XCConfigurationList;
			buildConfigurations = (
				D35B41B918D5D52300B5A3AB /* Debug */,
				D35B41BA18D5D52300B5A3AB /* Release */,
			);
			defaultConfigurationIsVisible = 0;
			defaultConfigurationName = Release;
		};
		D35B41BB18D5D52300B5A3AB /* Build configuration list for PBXNativeTarget "Icon Gallery" */ = {
			isa = XCConfigurationList;
			buildConfigurations = (
				D35B41BC18D5D52300B5A3AB /* Debug */,
				D35B41BD18D5D52300B5A3AB /* Release */,
			);
			defaultConfigurationIsVisible = 0;
		};
		D35B41BE18D5D52300B5A3AB /* Build configuration list for PBXNativeTarget "Icon GalleryTests" */ = {
			isa = XCConfigurationList;
			buildConfigurations = (
				D35B41BF18D5D52300B5A3AB /* Debug */,
				D35B41C018D5D52300B5A3AB /* Release */,
			);
			defaultConfigurationIsVisible = 0;
		};
/* End XCConfigurationList section */
	};
	rootObject = D35B418218D5D52300B5A3AB /* Project object */;
}
